
Microsoft Visual Studio Solution File, Format Version 12.00
# Visual Studio Version 17
VisualStudioVersion = 17.0.32126.317
MinimumVisualStudioVersion = 10.0.40219.1
Project("{2150E333-8FDC-42A3-9474-1A3956D46DE8}") = "Application", "Application", "{4C427845-BBA0-466E-A637-91E523A0C05D}"
EndProject
Project("{2150E333-8FDC-42A3-9474-1A3956D46DE8}") = "UI", "UI", "{FDE54034-DDD3-45F4-9DD4-6AA612130E9C}"
EndProject
Project("{2150E333-8FDC-42A3-9474-1A3956D46DE8}") = "Infrastructure", "Infrastructure", "{E8E0CEDD-CF88-43C9-ABCB-7E63F5A40979}"
EndProject
Project("{2150E333-8FDC-42A3-9474-1A3956D46DE8}") = "Domain", "Domain", "{F3564FEB-CEF5-468A-9926-19F9B2E33111}"
EndProject
Project("{2150E333-8FDC-42A3-9474-1A3956D46DE8}") = "src", "src", "{9B1110A1-97A5-4C09-B44A-258B8E2445E5}"
EndProject
Project("{9A19103F-16F7-4668-BE54-9A1E7A4F7556}") = "OfficeFurniture.Domain", "..\recru\OfficeFurniture.Domain\OfficeFurniture.Domain.csproj", "{8FED1EE0-A8A4-404B-85EF-28FC285987BD}"
EndProject
Project("{9A19103F-16F7-4668-BE54-9A1E7A4F7556}") = "OfficeFurniture.Application", "..\recru\OfficeFurniture.Application\OfficeFurniture.Application.csproj", "{72669062-4A80-4411-94F7-0615A43FE1AD}"
EndProject
Project("{9A19103F-16F7-4668-BE54-9A1E7A4F7556}") = "OfficeFurniture.Infrastructure", "..\recru\OfficeFurniture.Infrastructure\OfficeFurniture.Infrastructure.csproj", "{8C1B698D-F19C-47BD-A701-F33C4B6E1C9C}"
EndProject
Project("{9A19103F-16F7-4668-BE54-9A1E7A4F7556}") = "OfficeFurniture.UI", "..\recru\OfficeFurniture.UI\OfficeFurniture.UI.csproj", "{E29AACC6-A95D-477B-B609-BAA5DC4A8D84}"
EndProject
Project("{2150E333-8FDC-42A3-9474-1A3956D46DE8}") = "tests", "tests", "{5C54582A-0B88-4A9D-AF9F-40514B400C0A}"
EndProject
Project("{9A19103F-16F7-4668-BE54-9A1E7A4F7556}") = "OfficeFurniture.ApplicationTests", "tests\OfficeFurniture.ApplicationTests\OfficeFurniture.ApplicationTests.csproj", "{2070AE97-D5E4-43E2-90A9-639B8E9EB245}"
EndProject
Project("{9A19103F-16F7-4668-BE54-9A1E7A4F7556}") = "OfficeFurniture.DomainTests", "tests\OfficeFurniture.DomainTests\OfficeFurniture.DomainTests.csproj", "{93E4B195-F16B-486E-84CA-9F17A0AACC5C}"
EndProject
Project("{9A19103F-16F7-4668-BE54-9A1E7A4F7556}") = "OfficeFurniture.InfrastructureTests", "tests\OfficeFurniture.InfrastructureTests\OfficeFurniture.InfrastructureTests.csproj", "{AA309E1F-FB15-4983-BF87-086EBE02C02C}"
EndProject
Global
	GlobalSection(SolutionConfigurationPlatforms) = preSolution
		Debug|Any CPU = Debug|Any CPU
		Release|Any CPU = Release|Any CPU
	EndGlobalSection
	GlobalSection(ProjectConfigurationPlatforms) = postSolution
		{8FED1EE0-A8A4-404B-85EF-28FC285987BD}.Debug|Any CPU.ActiveCfg = Debug|Any CPU
		{8FED1EE0-A8A4-404B-85EF-28FC285987BD}.Debug|Any CPU.Build.0 = Debug|Any CPU
		{8FED1EE0-A8A4-404B-85EF-28FC285987BD}.Release|Any CPU.ActiveCfg = Release|Any CPU
		{8FED1EE0-A8A4-404B-85EF-28FC285987BD}.Release|Any CPU.Build.0 = Release|Any CPU
		{72669062-4A80-4411-94F7-0615A43FE1AD}.Debug|Any CPU.ActiveCfg = Debug|Any CPU
		{72669062-4A80-4411-94F7-0615A43FE1AD}.Debug|Any CPU.Build.0 = Debug|Any CPU
		{72669062-4A80-4411-94F7-0615A43FE1AD}.Release|Any CPU.ActiveCfg = Release|Any CPU
		{72669062-4A80-4411-94F7-0615A43FE1AD}.Release|Any CPU.Build.0 = Release|Any CPU
		{8C1B698D-F19C-47BD-A701-F33C4B6E1C9C}.Debug|Any CPU.ActiveCfg = Debug|Any CPU
		{8C1B698D-F19C-47BD-A701-F33C4B6E1C9C}.Debug|Any CPU.Build.0 = Debug|Any CPU
		{8C1B698D-F19C-47BD-A701-F33C4B6E1C9C}.Release|Any CPU.ActiveCfg = Release|Any CPU
		{8C1B698D-F19C-47BD-A701-F33C4B6E1C9C}.Release|Any CPU.Build.0 = Release|Any CPU
		{E29AACC6-A95D-477B-B609-BAA5DC4A8D84}.Debug|Any CPU.ActiveCfg = Debug|Any CPU
		{E29AACC6-A95D-477B-B609-BAA5DC4A8D84}.Debug|Any CPU.Build.0 = Debug|Any CPU
		{E29AACC6-A95D-477B-B609-BAA5DC4A8D84}.Release|Any CPU.ActiveCfg = Release|Any CPU
		{E29AACC6-A95D-477B-B609-BAA5DC4A8D84}.Release|Any CPU.Build.0 = Release|Any CPU
		{2070AE97-D5E4-43E2-90A9-639B8E9EB245}.Debug|Any CPU.ActiveCfg = Debug|Any CPU
		{2070AE97-D5E4-43E2-90A9-639B8E9EB245}.Debug|Any CPU.Build.0 = Debug|Any CPU
		{2070AE97-D5E4-43E2-90A9-639B8E9EB245}.Release|Any CPU.ActiveCfg = Release|Any CPU
		{2070AE97-D5E4-43E2-90A9-639B8E9EB245}.Release|Any CPU.Build.0 = Release|Any CPU
		{93E4B195-F16B-486E-84CA-9F17A0AACC5C}.Debug|Any CPU.ActiveCfg = Debug|Any CPU
		{93E4B195-F16B-486E-84CA-9F17A0AACC5C}.Debug|Any CPU.Build.0 = Debug|Any CPU
		{93E4B195-F16B-486E-84CA-9F17A0AACC5C}.Release|Any CPU.ActiveCfg = Release|Any CPU
		{93E4B195-F16B-486E-84CA-9F17A0AACC5C}.Release|Any CPU.Build.0 = Release|Any CPU
		{AA309E1F-FB15-4983-BF87-086EBE02C02C}.Debug|Any CPU.ActiveCfg = Debug|Any CPU
		{AA309E1F-FB15-4983-BF87-086EBE02C02C}.Debug|Any CPU.Build.0 = Debug|Any CPU
		{AA309E1F-FB15-4983-BF87-086EBE02C02C}.Release|Any CPU.ActiveCfg = Release|Any CPU
		{AA309E1F-FB15-4983-BF87-086EBE02C02C}.Release|Any CPU.Build.0 = Release|Any CPU
	EndGlobalSection
	GlobalSection(SolutionProperties) = preSolution
		HideSolutionNode = FALSE
	EndGlobalSection
	GlobalSection(NestedProjects) = preSolution
		{4C427845-BBA0-466E-A637-91E523A0C05D} = {9B1110A1-97A5-4C09-B44A-258B8E2445E5}
		{FDE54034-DDD3-45F4-9DD4-6AA612130E9C} = {9B1110A1-97A5-4C09-B44A-258B8E2445E5}
		{E8E0CEDD-CF88-43C9-ABCB-7E63F5A40979} = {9B1110A1-97A5-4C09-B44A-258B8E2445E5}
		{F3564FEB-CEF5-468A-9926-19F9B2E33111} = {9B1110A1-97A5-4C09-B44A-258B8E2445E5}
		{8FED1EE0-A8A4-404B-85EF-28FC285987BD} = {F3564FEB-CEF5-468A-9926-19F9B2E33111}
		{72669062-4A80-4411-94F7-0615A43FE1AD} = {4C427845-BBA0-466E-A637-91E523A0C05D}
		{8C1B698D-F19C-47BD-A701-F33C4B6E1C9C} = {E8E0CEDD-CF88-43C9-ABCB-7E63F5A40979}
		{E29AACC6-A95D-477B-B609-BAA5DC4A8D84} = {FDE54034-DDD3-45F4-9DD4-6AA612130E9C}
		{2070AE97-D5E4-43E2-90A9-639B8E9EB245} = {5C54582A-0B88-4A9D-AF9F-40514B400C0A}
		{93E4B195-F16B-486E-84CA-9F17A0AACC5C} = {5C54582A-0B88-4A9D-AF9F-40514B400C0A}
		{AA309E1F-FB15-4983-BF87-086EBE02C02C} = {5C54582A-0B88-4A9D-AF9F-40514B400C0A}
	EndGlobalSection
	GlobalSection(ExtensibilityGlobals) = postSolution
		SolutionGuid = {28248A6D-F465-4086-8E38-F00A9D4CC3CF}
	EndGlobalSection
EndGlobal
