
Microsoft Visual Studio Solution File, Format Version 12.00
# Visual Studio Version 17
VisualStudioVersion = 17.0.32126.317
MinimumVisualStudioVersion = 10.0.40219.1
Project("{2150E333-8FDC-42A3-9474-1A3956D46DE8}") = "Application", "Application", "{4C427845-BBA0-466E-A637-91E523A0C05D}"
EndProject
Project("{2150E333-8FDC-42A3-9474-1A3956D46DE8}") = "UI", "UI", "{FDE54034-DDD3-45F4-9DD4-6AA612130E9C}"
EndProject
Project("{2150E333-8FDC-42A3-9474-1A3956D46DE8}") = "Tests", "Tests", "{69C8A388-7289-4DB0-8A67-A8A554B25D6D}"
EndProject
Project("{2150E333-8FDC-42A3-9474-1A3956D46DE8}") = "Infrastructure", "Infrastructure", "{E8E0CEDD-CF88-43C9-ABCB-7E63F5A40979}"
EndProject
Project("{9A19103F-16F7-4668-BE54-9A1E7A4F7556}") = "OfficeFurniture.Application", "OfficeFurniture.Application\OfficeFurniture.Application.csproj", "{C0D2642E-0E20-4E9A-96A3-6730ACBABF6C}"
EndProject
Project("{9A19103F-16F7-4668-BE54-9A1E7A4F7556}") = "OfficeFurniture.Infrastructure", "OfficeFurniture.Infrastructure\OfficeFurniture.Infrastructure.csproj", "{395B9F1F-2264-4379-8EB5-3E72C46841F6}"
EndProject
Project("{2150E333-8FDC-42A3-9474-1A3956D46DE8}") = "Domain", "Domain", "{F3564FEB-CEF5-468A-9926-19F9B2E33111}"
EndProject
Project("{9A19103F-16F7-4668-BE54-9A1E7A4F7556}") = "OfficeFurniture.Domain", "OfficeFurniture.Domain\OfficeFurniture.Domain.csproj", "{A60B5A90-74BC-4340-94B3-BFE9F91F89A3}"
EndProject
Project("{9A19103F-16F7-4668-BE54-9A1E7A4F7556}") = "OfficeFurniture.InfrastructureTests", "OfficeFurniture.InfrastructureTests\OfficeFurniture.InfrastructureTests.csproj", "{AD9D6BC9-A100-4332-B675-AF1E15A9511C}"
EndProject
Project("{9A19103F-16F7-4668-BE54-9A1E7A4F7556}") = "OfficeFurniture.ApplicationTests", "OfficeFurniture.ApplicationTests\OfficeFurniture.ApplicationTests.csproj", "{D7F32C07-555F-464F-A5D9-EA15732441E6}"
EndProject
Project("{9A19103F-16F7-4668-BE54-9A1E7A4F7556}") = "OfficeFurniture.DomainTests", "OfficeFurniture.DomainTests\OfficeFurniture.DomainTests.csproj", "{A1C1F6EF-0444-43B3-95E7-1E1C5DEB5155}"
EndProject
Project("{9A19103F-16F7-4668-BE54-9A1E7A4F7556}") = "OfficeFurniture.UI", "OfficeFurniture.UI\OfficeFurniture.UI.csproj", "{FE441F99-64E0-4762-8F92-4821CD7B8918}"
EndProject
Global
	GlobalSection(SolutionConfigurationPlatforms) = preSolution
		Debug|Any CPU = Debug|Any CPU
		Release|Any CPU = Release|Any CPU
	EndGlobalSection
	GlobalSection(ProjectConfigurationPlatforms) = postSolution
		{C0D2642E-0E20-4E9A-96A3-6730ACBABF6C}.Debug|Any CPU.ActiveCfg = Debug|Any CPU
		{C0D2642E-0E20-4E9A-96A3-6730ACBABF6C}.Debug|Any CPU.Build.0 = Debug|Any CPU
		{C0D2642E-0E20-4E9A-96A3-6730ACBABF6C}.Release|Any CPU.ActiveCfg = Release|Any CPU
		{C0D2642E-0E20-4E9A-96A3-6730ACBABF6C}.Release|Any CPU.Build.0 = Release|Any CPU
		{395B9F1F-2264-4379-8EB5-3E72C46841F6}.Debug|Any CPU.ActiveCfg = Debug|Any CPU
		{395B9F1F-2264-4379-8EB5-3E72C46841F6}.Debug|Any CPU.Build.0 = Debug|Any CPU
		{395B9F1F-2264-4379-8EB5-3E72C46841F6}.Release|Any CPU.ActiveCfg = Release|Any CPU
		{395B9F1F-2264-4379-8EB5-3E72C46841F6}.Release|Any CPU.Build.0 = Release|Any CPU
		{A60B5A90-74BC-4340-94B3-BFE9F91F89A3}.Debug|Any CPU.ActiveCfg = Debug|Any CPU
		{A60B5A90-74BC-4340-94B3-BFE9F91F89A3}.Debug|Any CPU.Build.0 = Debug|Any CPU
		{A60B5A90-74BC-4340-94B3-BFE9F91F89A3}.Release|Any CPU.ActiveCfg = Release|Any CPU
		{A60B5A90-74BC-4340-94B3-BFE9F91F89A3}.Release|Any CPU.Build.0 = Release|Any CPU
		{AD9D6BC9-A100-4332-B675-AF1E15A9511C}.Debug|Any CPU.ActiveCfg = Debug|Any CPU
		{AD9D6BC9-A100-4332-B675-AF1E15A9511C}.Debug|Any CPU.Build.0 = Debug|Any CPU
		{AD9D6BC9-A100-4332-B675-AF1E15A9511C}.Release|Any CPU.ActiveCfg = Release|Any CPU
		{AD9D6BC9-A100-4332-B675-AF1E15A9511C}.Release|Any CPU.Build.0 = Release|Any CPU
		{D7F32C07-555F-464F-A5D9-EA15732441E6}.Debug|Any CPU.ActiveCfg = Debug|Any CPU
		{D7F32C07-555F-464F-A5D9-EA15732441E6}.Debug|Any CPU.Build.0 = Debug|Any CPU
		{D7F32C07-555F-464F-A5D9-EA15732441E6}.Release|Any CPU.ActiveCfg = Release|Any CPU
		{D7F32C07-555F-464F-A5D9-EA15732441E6}.Release|Any CPU.Build.0 = Release|Any CPU
		{A1C1F6EF-0444-43B3-95E7-1E1C5DEB5155}.Debug|Any CPU.ActiveCfg = Debug|Any CPU
		{A1C1F6EF-0444-43B3-95E7-1E1C5DEB5155}.Debug|Any CPU.Build.0 = Debug|Any CPU
		{A1C1F6EF-0444-43B3-95E7-1E1C5DEB5155}.Release|Any CPU.ActiveCfg = Release|Any CPU
		{A1C1F6EF-0444-43B3-95E7-1E1C5DEB5155}.Release|Any CPU.Build.0 = Release|Any CPU
		{FE441F99-64E0-4762-8F92-4821CD7B8918}.Debug|Any CPU.ActiveCfg = Debug|Any CPU
		{FE441F99-64E0-4762-8F92-4821CD7B8918}.Debug|Any CPU.Build.0 = Debug|Any CPU
		{FE441F99-64E0-4762-8F92-4821CD7B8918}.Release|Any CPU.ActiveCfg = Release|Any CPU
		{FE441F99-64E0-4762-8F92-4821CD7B8918}.Release|Any CPU.Build.0 = Release|Any CPU
	EndGlobalSection
	GlobalSection(SolutionProperties) = preSolution
		HideSolutionNode = FALSE
	EndGlobalSection
	GlobalSection(NestedProjects) = preSolution
		{C0D2642E-0E20-4E9A-96A3-6730ACBABF6C} = {4C427845-BBA0-466E-A637-91E523A0C05D}
		{395B9F1F-2264-4379-8EB5-3E72C46841F6} = {E8E0CEDD-CF88-43C9-ABCB-7E63F5A40979}
		{A60B5A90-74BC-4340-94B3-BFE9F91F89A3} = {F3564FEB-CEF5-468A-9926-19F9B2E33111}
		{AD9D6BC9-A100-4332-B675-AF1E15A9511C} = {69C8A388-7289-4DB0-8A67-A8A554B25D6D}
		{D7F32C07-555F-464F-A5D9-EA15732441E6} = {69C8A388-7289-4DB0-8A67-A8A554B25D6D}
		{A1C1F6EF-0444-43B3-95E7-1E1C5DEB5155} = {69C8A388-7289-4DB0-8A67-A8A554B25D6D}
		{FE441F99-64E0-4762-8F92-4821CD7B8918} = {FDE54034-DDD3-45F4-9DD4-6AA612130E9C}
	EndGlobalSection
	GlobalSection(ExtensibilityGlobals) = postSolution
		SolutionGuid = {28248A6D-F465-4086-8E38-F00A9D4CC3CF}
	EndGlobalSection
EndGlobal
